PODS:
  - AFNetworking (3.1.0):
    - AFNetworking/NSURLSession (= 3.1.0)
    - AFNetworking/Reachability (= 3.1.0)
    - AFNetworking/Security (= 3.1.0)
    - AFNetworking/Serialization (= 3.1.0)
    - AFNetworking/UIKit (= 3.1.0)
  - AFNetworking/NSURLSession (3.1.0):
    - AFNetworking/Reachability
    - AFNetworking/Security
    - AFNetworking/Serialization
  - AFNetworking/Reachability (3.1.0)
  - AFNetworking/Security (3.1.0)
  - AFNetworking/Serialization (3.1.0)
  - AFNetworking/UIKit (3.1.0):
    - AFNetworking/NSURLSession
  - BoringSSL (9.0):
    - BoringSSL/Implementation (= 9.0)
    - BoringSSL/Interface (= 9.0)
  - BoringSSL/Implementation (9.0):
    - BoringSSL/Interface (= 9.0)
  - BoringSSL/Interface (9.0)
  - Firebase/Auth (4.4.0):
    - Firebase/Core
    - FirebaseAuth (= 4.3.0)
  - Firebase/Core (4.4.0):
    - FirebaseAnalytics (= 4.0.4)
    - FirebaseCore (= 4.0.9)
  - Firebase/Firestore (4.4.0):
    - Firebase/Core
    - FirebaseFirestore (= 0.9.0)
  - Firebase/Messaging (4.4.0):
    - Firebase/Core
    - FirebaseMessaging (= 2.0.5)
  - FirebaseAnalytics (4.0.4):
    - FirebaseCore (~> 4.0)
    - FirebaseInstanceID (~> 2.0)
    - GoogleToolboxForMac/NSData+zlib (~> 2.1)
    - nanopb (~> 0.3)
  - FirebaseAuth (4.3.0):
    - FirebaseAnalytics (~> 4.0)
    - GoogleToolboxForMac/NSDictionary+URLArguments (~> 2.1)
    - GTMSessionFetcher/Core (~> 1.1)
  - FirebaseCore (4.0.9):
    - GoogleToolboxForMac/NSData+zlib (~> 2.1)
    - nanopb (~> 0.3)
  - FirebaseFirestore (0.9.0):
    - FirebaseAnalytics (~> 4.0)
    - FirebaseAuth (~> 4.3)
    - FirebaseCore (~> 4.0)
    - gRPC-ProtoRPC (~> 1.0)
    - leveldb-library (~> 1.18)
    - Protobuf (~> 3.1)
  - FirebaseInstanceID (2.0.5)
  - FirebaseMessaging (2.0.5):
    - FirebaseAnalytics (~> 4.0)
    - FirebaseCore (~> 4.0)
    - FirebaseInstanceID (~> 2.0)
    - GoogleToolboxForMac/Logger (~> 2.1)
    - Protobuf (~> 3.1)
  - GoogleSignIn (4.1.1):
    - GoogleToolboxForMac/NSDictionary+URLArguments (~> 2.1)
    - GoogleToolboxForMac/NSString+URLArguments (~> 2.1)
    - GTMOAuth2 (~> 1.0)
    - GTMSessionFetcher/Core (~> 1.1)
  - GoogleToolboxForMac/DebugUtils (2.1.3):
    - GoogleToolboxForMac/Defines (= 2.1.3)
  - GoogleToolboxForMac/Defines (2.1.3)
  - GoogleToolboxForMac/Logger (2.1.3):
    - GoogleToolboxForMac/Defines (= 2.1.3)
  - GoogleToolboxForMac/NSData+zlib (2.1.3):
    - GoogleToolboxForMac/Defines (= 2.1.3)
  - GoogleToolboxForMac/NSDictionary+URLArguments (2.1.3):
    - GoogleToolboxForMac/DebugUtils (= 2.1.3)
    - GoogleToolboxForMac/Defines (= 2.1.3)
    - GoogleToolboxForMac/NSString+URLArguments (= 2.1.3)
  - GoogleToolboxForMac/NSString+URLArguments (2.1.3)
  - gRPC (1.6.5):
    - gRPC-Core (= 1.6.5)
    - gRPC-RxLibrary (= 1.6.5)
  - gRPC-Core (1.6.5):
    - gRPC-Core/Implementation (= 1.6.5)
    - gRPC-Core/Interface (= 1.6.5)
  - gRPC-Core/Implementation (1.6.5):
    - BoringSSL (~> 9.0)
    - gRPC-Core/Interface (= 1.6.5)
    - nanopb (~> 0.3)
  - gRPC-Core/Interface (1.6.5)
  - gRPC-ProtoRPC (1.6.5):
    - gRPC (= 1.6.5)
    - gRPC-RxLibrary (= 1.6.5)
    - Protobuf (~> 3.0)
  - gRPC-RxLibrary (1.6.5)
  - GTMOAuth2 (1.1.5):
    - GTMSessionFetcher (~> 1.1)
  - GTMSessionFetcher (1.1.12):
    - GTMSessionFetcher/Full (= 1.1.12)
  - GTMSessionFetcher/Core (1.1.12)
  - GTMSessionFetcher/Full (1.1.12):
    - GTMSessionFetcher/Core (= 1.1.12)
  - leveldb-library (1.18.3)
  - MBProgressHUD (1.0.0)
  - nanopb (0.3.8):
    - nanopb/decode (= 0.3.8)
    - nanopb/encode (= 0.3.8)
  - nanopb/decode (0.3.8)
  - nanopb/encode (0.3.8)
  - Pageboy (2.0.1)
  - Protobuf (3.4.0)
  - PureLayout (3.0.2)
  - Tabman (1.0.4):
    - Pageboy (~> 2.0.0)
    - PureLayout (~> 3.0.0)

DEPENDENCIES:
  - AFNetworking
  - Firebase/Auth
  - Firebase/Core
  - Firebase/Firestore
  - Firebase/Messaging
  - GoogleSignIn
  - MBProgressHUD
  - Tabman

SPEC CHECKSUMS:
  AFNetworking: 5e0e199f73d8626b11e79750991f5d173d1f8b67
  BoringSSL: 19083b821ef3ae0f758fae15482e183003b1e265
  Firebase: 3e92884a63e8f76d107c43a67d2ab9071e1eda10
  FirebaseAnalytics: 722b53c7b32bfc7806b06e0093a2f5180d4f2c5a
  FirebaseAuth: e0087d479709b20b9613b804704a928d6eafb052
  FirebaseCore: ebe73f64302705e693b1de9919a76edbdd17a19d
  FirebaseFirestore: ad1096ea647a8cc60ead57f7c54f5225d54fbd76
  FirebaseInstanceID: f2b688c66b972f30d7fa9f5f9f91455454a03b47
  FirebaseMessaging: e25dc87045e76dfe9e920a5741dc3fe7e3ef2268
  GoogleSignIn: 3fdaa34a2ba04dbd7a25d7db39aecb0da98d5bdc
  GoogleToolboxForMac: 2501e2ad72a52eb3dfe7bd9aee7dad11b858bd20
  gRPC: 42f915ce322b1abc5241621acc776f2fdb0a2039
  gRPC-Core: 54211a073d238ec8569be06e1a939a72f081a3e9
  gRPC-ProtoRPC: 4299db62f86df58c88844ccb50f5c48993e704f6
  gRPC-RxLibrary: 1b1c9c9cf666709ad7714cb0e0f3c44dc0cbfb0b
  GTMOAuth2: be83fd28d63ae3087e7d351b1f39c1a7e24ab6e7
  GTMSessionFetcher: ebaa1f79a5366922c1735f1566901f50beba23b7
  leveldb-library: 10fb39c39e243db4af1828441162405bbcec1404
  MBProgressHUD: 4890f671c94e8a0f3cf959aa731e9de2f036d71a
  nanopb: 5601e6bca2dbf1ed831b519092ec110f66982ca3
  Pageboy: 66f3d174b0a396c177b804323c56905837dadf1d
  Protobuf: 03eef2ee0b674770735cf79d9c4d3659cf6908e8
  PureLayout: 4d550abe49a94f24c2808b9b95db9131685fe4cd
  Tabman: 6197bc24fc5462ff38252c037ae68ca4003df8f4

PODFILE CHECKSUM: 316c76acf13d3372640bf91f1665f78fc4b48418

COCOAPODS: 1.3.1
